
Microsoft Visual Studio Solution File, Format Version 12.00
# Visual Studio 14
VisualStudioVersion = 14.0.25420.1
MinimumVisualStudioVersion = 10.0.40219.1
Project("{FAE04EC0-301F-11D3-BF4B-00C04F79EFBC}") = "KrausFamilyAppXaml", "KrausFamilyAppXaml\KrausFamilyAppXaml\KrausFamilyAppXaml.csproj", "{56D57429-898F-433A-8049-2D553B34A193}"
EndProject
Project("{FAE04EC0-301F-11D3-BF4B-00C04F79EFBC}") = "KrausFamilyAppXaml.Droid", "KrausFamilyAppXaml\KrausFamilyAppXaml.Droid\KrausFamilyAppXaml.Droid.csproj", "{21EE4198-55FE-40C6-B949-D0C5868E32DF}"
EndProject
Project("{FAE04EC0-301F-11D3-BF4B-00C04F79EFBC}") = "KrausFamilyAppXaml.iOS", "KrausFamilyAppXaml\KrausFamilyAppXaml.iOS\KrausFamilyAppXaml.iOS.csproj", "{82C5B8B9-6F1D-4F8D-9520-E0777EC5C199}"
EndProject
Project("{FAE04EC0-301F-11D3-BF4B-00C04F79EFBC}") = "KrausFamilyAppXaml.WinPhone", "KrausFamilyAppXaml\KrausFamilyAppXaml.WinPhone\KrausFamilyAppXaml.WinPhone.csproj", "{A2A1BC9B-C113-4609-BF37-8092984B6D62}"
EndProject
Project("{FAE04EC0-301F-11D3-BF4B-00C04F79EFBC}") = "KrausFamilyAppXaml.Windows", "KrausFamilyAppXaml\KrausFamilyAppXaml.Windows\KrausFamilyAppXaml.Windows.csproj", "{1E33CF53-8D2F-467D-B90E-BFA1A91553AE}"
EndProject
Global
	GlobalSection(SolutionConfigurationPlatforms) = preSolution
		Ad-Hoc|Any CPU = Ad-Hoc|Any CPU
		Ad-Hoc|ARM = Ad-Hoc|ARM
		Ad-Hoc|iPhone = Ad-Hoc|iPhone
		Ad-Hoc|iPhoneSimulator = Ad-Hoc|iPhoneSimulator
		Ad-Hoc|x64 = Ad-Hoc|x64
		Ad-Hoc|x86 = Ad-Hoc|x86
		AppStore|Any CPU = AppStore|Any CPU
		AppStore|ARM = AppStore|ARM
		AppStore|iPhone = AppStore|iPhone
		AppStore|iPhoneSimulator = AppStore|iPhoneSimulator
		AppStore|x64 = AppStore|x64
		AppStore|x86 = AppStore|x86
		Debug|Any CPU = Debug|Any CPU
		Debug|ARM = Debug|ARM
		Debug|iPhone = Debug|iPhone
		Debug|iPhoneSimulator = Debug|iPhoneSimulator
		Debug|x64 = Debug|x64
		Debug|x86 = Debug|x86
		Release|Any CPU = Release|Any CPU
		Release|ARM = Release|ARM
		Release|iPhone = Release|iPhone
		Release|iPhoneSimulator = Release|iPhoneSimulator
		Release|x64 = Release|x64
		Release|x86 = Release|x86
	EndGlobalSection
	GlobalSection(ProjectConfigurationPlatforms) = postSolution
		{56D57429-898F-433A-8049-2D553B34A193}.Ad-Hoc|Any CPU.ActiveCfg = Release|Any CPU
		{56D57429-898F-433A-8049-2D553B34A193}.Ad-Hoc|Any CPU.Build.0 = Release|Any CPU
		{56D57429-898F-433A-8049-2D553B34A193}.Ad-Hoc|ARM.ActiveCfg = Release|Any CPU
		{56D57429-898F-433A-8049-2D553B34A193}.Ad-Hoc|ARM.Build.0 = Release|Any CPU
		{56D57429-898F-433A-8049-2D553B34A193}.Ad-Hoc|iPhone.ActiveCfg = Release|Any CPU
		{56D57429-898F-433A-8049-2D553B34A193}.Ad-Hoc|iPhone.Build.0 = Release|Any CPU
		{56D57429-898F-433A-8049-2D553B34A193}.Ad-Hoc|iPhoneSimulator.ActiveCfg = Release|Any CPU
		{56D57429-898F-433A-8049-2D553B34A193}.Ad-Hoc|iPhoneSimulator.Build.0 = Release|Any CPU
		{56D57429-898F-433A-8049-2D553B34A193}.Ad-Hoc|x64.ActiveCfg = Release|Any CPU
		{56D57429-898F-433A-8049-2D553B34A193}.Ad-Hoc|x64.Build.0 = Release|Any CPU
		{56D57429-898F-433A-8049-2D553B34A193}.Ad-Hoc|x86.ActiveCfg = Release|Any CPU
		{56D57429-898F-433A-8049-2D553B34A193}.Ad-Hoc|x86.Build.0 = Release|Any CPU
		{56D57429-898F-433A-8049-2D553B34A193}.AppStore|Any CPU.ActiveCfg = Release|Any CPU
		{56D57429-898F-433A-8049-2D553B34A193}.AppStore|Any CPU.Build.0 = Release|Any CPU
		{56D57429-898F-433A-8049-2D553B34A193}.AppStore|ARM.ActiveCfg = Release|Any CPU
		{56D57429-898F-433A-8049-2D553B34A193}.AppStore|ARM.Build.0 = Release|Any CPU
		{56D57429-898F-433A-8049-2D553B34A193}.AppStore|iPhone.ActiveCfg = Release|Any CPU
		{56D57429-898F-433A-8049-2D553B34A193}.AppStore|iPhone.Build.0 = Release|Any CPU
		{56D57429-898F-433A-8049-2D553B34A193}.AppStore|iPhoneSimulator.ActiveCfg = Release|Any CPU
		{56D57429-898F-433A-8049-2D553B34A193}.AppStore|iPhoneSimulator.Build.0 = Release|Any CPU
		{56D57429-898F-433A-8049-2D553B34A193}.AppStore|x64.ActiveCfg = Release|Any CPU
		{56D57429-898F-433A-8049-2D553B34A193}.AppStore|x64.Build.0 = Release|Any CPU
		{56D57429-898F-433A-8049-2D553B34A193}.AppStore|x86.ActiveCfg = Release|Any CPU
		{56D57429-898F-433A-8049-2D553B34A193}.AppStore|x86.Build.0 = Release|Any CPU
		{56D57429-898F-433A-8049-2D553B34A193}.Debug|Any CPU.ActiveCfg = Debug|Any CPU
		{56D57429-898F-433A-8049-2D553B34A193}.Debug|Any CPU.Build.0 = Debug|Any CPU
		{56D57429-898F-433A-8049-2D553B34A193}.Debug|ARM.ActiveCfg = Debug|Any CPU
		{56D57429-898F-433A-8049-2D553B34A193}.Debug|ARM.Build.0 = Debug|Any CPU
		{56D57429-898F-433A-8049-2D553B34A193}.Debug|iPhone.ActiveCfg = Debug|Any CPU
		{56D57429-898F-433A-8049-2D553B34A193}.Debug|iPhone.Build.0 = Debug|Any CPU
		{56D57429-898F-433A-8049-2D553B34A193}.Debug|iPhoneSimulator.ActiveCfg = Debug|Any CPU
		{56D57429-898F-433A-8049-2D553B34A193}.Debug|iPhoneSimulator.Build.0 = Debug|Any CPU
		{56D57429-898F-433A-8049-2D553B34A193}.Debug|x64.ActiveCfg = Debug|Any CPU
		{56D57429-898F-433A-8049-2D553B34A193}.Debug|x64.Build.0 = Debug|Any CPU
		{56D57429-898F-433A-8049-2D553B34A193}.Debug|x86.ActiveCfg = Debug|Any CPU
		{56D57429-898F-433A-8049-2D553B34A193}.Debug|x86.Build.0 = Debug|Any CPU
		{56D57429-898F-433A-8049-2D553B34A193}.Release|Any CPU.ActiveCfg = Release|Any CPU
		{56D57429-898F-433A-8049-2D553B34A193}.Release|Any CPU.Build.0 = Release|Any CPU
		{56D57429-898F-433A-8049-2D553B34A193}.Release|ARM.ActiveCfg = Release|Any CPU
		{56D57429-898F-433A-8049-2D553B34A193}.Release|ARM.Build.0 = Release|Any CPU
		{56D57429-898F-433A-8049-2D553B34A193}.Release|iPhone.ActiveCfg = Release|Any CPU
		{56D57429-898F-433A-8049-2D553B34A193}.Release|iPhone.Build.0 = Release|Any CPU
		{56D57429-898F-433A-8049-2D553B34A193}.Release|iPhoneSimulator.ActiveCfg = Release|Any CPU
		{56D57429-898F-433A-8049-2D553B34A193}.Release|iPhoneSimulator.Build.0 = Release|Any CPU
		{56D57429-898F-433A-8049-2D553B34A193}.Release|x64.ActiveCfg = Release|Any CPU
		{56D57429-898F-433A-8049-2D553B34A193}.Release|x64.Build.0 = Release|Any CPU
		{56D57429-898F-433A-8049-2D553B34A193}.Release|x86.ActiveCfg = Release|Any CPU
		{56D57429-898F-433A-8049-2D553B34A193}.Release|x86.Build.0 = Release|Any CPU
		{21EE4198-55FE-40C6-B949-D0C5868E32DF}.Ad-Hoc|Any CPU.ActiveCfg = Release|Any CPU
		{21EE4198-55FE-40C6-B949-D0C5868E32DF}.Ad-Hoc|Any CPU.Build.0 = Release|Any CPU
		{21EE4198-55FE-40C6-B949-D0C5868E32DF}.Ad-Hoc|Any CPU.Deploy.0 = Release|Any CPU
		{21EE4198-55FE-40C6-B949-D0C5868E32DF}.Ad-Hoc|ARM.ActiveCfg = Release|Any CPU
		{21EE4198-55FE-40C6-B949-D0C5868E32DF}.Ad-Hoc|ARM.Build.0 = Release|Any CPU
		{21EE4198-55FE-40C6-B949-D0C5868E32DF}.Ad-Hoc|ARM.Deploy.0 = Release|Any CPU
		{21EE4198-55FE-40C6-B949-D0C5868E32DF}.Ad-Hoc|iPhone.ActiveCfg = Release|Any CPU
		{21EE4198-55FE-40C6-B949-D0C5868E32DF}.Ad-Hoc|iPhone.Build.0 = Release|Any CPU
		{21EE4198-55FE-40C6-B949-D0C5868E32DF}.Ad-Hoc|iPhone.Deploy.0 = Release|Any CPU
		{21EE4198-55FE-40C6-B949-D0C5868E32DF}.Ad-Hoc|iPhoneSimulator.ActiveCfg = Release|Any CPU
		{21EE4198-55FE-40C6-B949-D0C5868E32DF}.Ad-Hoc|iPhoneSimulator.Build.0 = Release|Any CPU
		{21EE4198-55FE-40C6-B949-D0C5868E32DF}.Ad-Hoc|iPhoneSimulator.Deploy.0 = Release|Any CPU
		{21EE4198-55FE-40C6-B949-D0C5868E32DF}.Ad-Hoc|x64.ActiveCfg = Release|Any CPU
		{21EE4198-55FE-40C6-B949-D0C5868E32DF}.Ad-Hoc|x64.Build.0 = Release|Any CPU
		{21EE4198-55FE-40C6-B949-D0C5868E32DF}.Ad-Hoc|x64.Deploy.0 = Release|Any CPU
		{21EE4198-55FE-40C6-B949-D0C5868E32DF}.Ad-Hoc|x86.ActiveCfg = Release|Any CPU
		{21EE4198-55FE-40C6-B949-D0C5868E32DF}.Ad-Hoc|x86.Build.0 = Release|Any CPU
		{21EE4198-55FE-40C6-B949-D0C5868E32DF}.Ad-Hoc|x86.Deploy.0 = Release|Any CPU
		{21EE4198-55FE-40C6-B949-D0C5868E32DF}.AppStore|Any CPU.ActiveCfg = Release|Any CPU
		{21EE4198-55FE-40C6-B949-D0C5868E32DF}.AppStore|Any CPU.Build.0 = Release|Any CPU
		{21EE4198-55FE-40C6-B949-D0C5868E32DF}.AppStore|Any CPU.Deploy.0 = Release|Any CPU
		{21EE4198-55FE-40C6-B949-D0C5868E32DF}.AppStore|ARM.ActiveCfg = Release|Any CPU
		{21EE4198-55FE-40C6-B949-D0C5868E32DF}.AppStore|ARM.Build.0 = Release|Any CPU
		{21EE4198-55FE-40C6-B949-D0C5868E32DF}.AppStore|ARM.Deploy.0 = Release|Any CPU
		{21EE4198-55FE-40C6-B949-D0C5868E32DF}.AppStore|iPhone.ActiveCfg = Release|Any CPU
		{21EE4198-55FE-40C6-B949-D0C5868E32DF}.AppStore|iPhone.Build.0 = Release|Any CPU
		{21EE4198-55FE-40C6-B949-D0C5868E32DF}.AppStore|iPhone.Deploy.0 = Release|Any CPU
		{21EE4198-55FE-40C6-B949-D0C5868E32DF}.AppStore|iPhoneSimulator.ActiveCfg = Release|Any CPU
		{21EE4198-55FE-40C6-B949-D0C5868E32DF}.AppStore|iPhoneSimulator.Build.0 = Release|Any CPU
		{21EE4198-55FE-40C6-B949-D0C5868E32DF}.AppStore|iPhoneSimulator.Deploy.0 = Release|Any CPU
		{21EE4198-55FE-40C6-B949-D0C5868E32DF}.AppStore|x64.ActiveCfg = Release|Any CPU
		{21EE4198-55FE-40C6-B949-D0C5868E32DF}.AppStore|x64.Build.0 = Release|Any CPU
		{21EE4198-55FE-40C6-B949-D0C5868E32DF}.AppStore|x64.Deploy.0 = Release|Any CPU
		{21EE4198-55FE-40C6-B949-D0C5868E32DF}.AppStore|x86.ActiveCfg = Release|Any CPU
		{21EE4198-55FE-40C6-B949-D0C5868E32DF}.AppStore|x86.Build.0 = Release|Any CPU
		{21EE4198-55FE-40C6-B949-D0C5868E32DF}.AppStore|x86.Deploy.0 = Release|Any CPU
		{21EE4198-55FE-40C6-B949-D0C5868E32DF}.Debug|Any CPU.ActiveCfg = Debug|Any CPU
		{21EE4198-55FE-40C6-B949-D0C5868E32DF}.Debug|Any CPU.Build.0 = Debug|Any CPU
		{21EE4198-55FE-40C6-B949-D0C5868E32DF}.Debug|Any CPU.Deploy.0 = Debug|Any CPU
		{21EE4198-55FE-40C6-B949-D0C5868E32DF}.Debug|ARM.ActiveCfg = Debug|Any CPU
		{21EE4198-55FE-40C6-B949-D0C5868E32DF}.Debug|ARM.Build.0 = Debug|Any CPU
		{21EE4198-55FE-40C6-B949-D0C5868E32DF}.Debug|ARM.Deploy.0 = Debug|Any CPU
		{21EE4198-55FE-40C6-B949-D0C5868E32DF}.Debug|iPhone.ActiveCfg = Debug|Any CPU
		{21EE4198-55FE-40C6-B949-D0C5868E32DF}.Debug|iPhone.Build.0 = Debug|Any CPU
		{21EE4198-55FE-40C6-B949-D0C5868E32DF}.Debug|iPhone.Deploy.0 = Debug|Any CPU
		{21EE4198-55FE-40C6-B949-D0C5868E32DF}.Debug|iPhoneSimulator.ActiveCfg = Debug|Any CPU
		{21EE4198-55FE-40C6-B949-D0C5868E32DF}.Debug|iPhoneSimulator.Build.0 = Debug|Any CPU
		{21EE4198-55FE-40C6-B949-D0C5868E32DF}.Debug|iPhoneSimulator.Deploy.0 = Debug|Any CPU
		{21EE4198-55FE-40C6-B949-D0C5868E32DF}.Debug|x64.ActiveCfg = Debug|Any CPU
		{21EE4198-55FE-40C6-B949-D0C5868E32DF}.Debug|x64.Build.0 = Debug|Any CPU
		{21EE4198-55FE-40C6-B949-D0C5868E32DF}.Debug|x64.Deploy.0 = Debug|Any CPU
		{21EE4198-55FE-40C6-B949-D0C5868E32DF}.Debug|x86.ActiveCfg = Debug|Any CPU
		{21EE4198-55FE-40C6-B949-D0C5868E32DF}.Debug|x86.Build.0 = Debug|Any CPU
		{21EE4198-55FE-40C6-B949-D0C5868E32DF}.Debug|x86.Deploy.0 = Debug|Any CPU
		{21EE4198-55FE-40C6-B949-D0C5868E32DF}.Release|Any CPU.ActiveCfg = Release|Any CPU
		{21EE4198-55FE-40C6-B949-D0C5868E32DF}.Release|Any CPU.Build.0 = Release|Any CPU
		{21EE4198-55FE-40C6-B949-D0C5868E32DF}.Release|Any CPU.Deploy.0 = Release|Any CPU
		{21EE4198-55FE-40C6-B949-D0C5868E32DF}.Release|ARM.ActiveCfg = Release|Any CPU
		{21EE4198-55FE-40C6-B949-D0C5868E32DF}.Release|ARM.Build.0 = Release|Any CPU
		{21EE4198-55FE-40C6-B949-D0C5868E32DF}.Release|ARM.Deploy.0 = Release|Any CPU
		{21EE4198-55FE-40C6-B949-D0C5868E32DF}.Release|iPhone.ActiveCfg = Release|Any CPU
		{21EE4198-55FE-40C6-B949-D0C5868E32DF}.Release|iPhone.Build.0 = Release|Any CPU
		{21EE4198-55FE-40C6-B949-D0C5868E32DF}.Release|iPhone.Deploy.0 = Release|Any CPU
		{21EE4198-55FE-40C6-B949-D0C5868E32DF}.Release|iPhoneSimulator.ActiveCfg = Release|Any CPU
		{21EE4198-55FE-40C6-B949-D0C5868E32DF}.Release|iPhoneSimulator.Build.0 = Release|Any CPU
		{21EE4198-55FE-40C6-B949-D0C5868E32DF}.Release|iPhoneSimulator.Deploy.0 = Release|Any CPU
		{21EE4198-55FE-40C6-B949-D0C5868E32DF}.Release|x64.ActiveCfg = Release|Any CPU
		{21EE4198-55FE-40C6-B949-D0C5868E32DF}.Release|x64.Build.0 = Release|Any CPU
		{21EE4198-55FE-40C6-B949-D0C5868E32DF}.Release|x64.Deploy.0 = Release|Any CPU
		{21EE4198-55FE-40C6-B949-D0C5868E32DF}.Release|x86.ActiveCfg = Release|Any CPU
		{21EE4198-55FE-40C6-B949-D0C5868E32DF}.Release|x86.Build.0 = Release|Any CPU
		{21EE4198-55FE-40C6-B949-D0C5868E32DF}.Release|x86.Deploy.0 = Release|Any CPU
		{82C5B8B9-6F1D-4F8D-9520-E0777EC5C199}.Ad-Hoc|Any CPU.ActiveCfg = Ad-Hoc|iPhone
		{82C5B8B9-6F1D-4F8D-9520-E0777EC5C199}.Ad-Hoc|ARM.ActiveCfg = Ad-Hoc|iPhone
		{82C5B8B9-6F1D-4F8D-9520-E0777EC5C199}.Ad-Hoc|iPhone.ActiveCfg = Ad-Hoc|iPhone
		{82C5B8B9-6F1D-4F8D-9520-E0777EC5C199}.Ad-Hoc|iPhone.Build.0 = Ad-Hoc|iPhone
		{82C5B8B9-6F1D-4F8D-9520-E0777EC5C199}.Ad-Hoc|iPhoneSimulator.ActiveCfg = Ad-Hoc|iPhoneSimulator
		{82C5B8B9-6F1D-4F8D-9520-E0777EC5C199}.Ad-Hoc|iPhoneSimulator.Build.0 = Ad-Hoc|iPhoneSimulator
		{82C5B8B9-6F1D-4F8D-9520-E0777EC5C199}.Ad-Hoc|x64.ActiveCfg = Ad-Hoc|iPhone
		{82C5B8B9-6F1D-4F8D-9520-E0777EC5C199}.Ad-Hoc|x86.ActiveCfg = Ad-Hoc|iPhone
		{82C5B8B9-6F1D-4F8D-9520-E0777EC5C199}.AppStore|Any CPU.ActiveCfg = AppStore|iPhone
		{82C5B8B9-6F1D-4F8D-9520-E0777EC5C199}.AppStore|ARM.ActiveCfg = AppStore|iPhone
		{82C5B8B9-6F1D-4F8D-9520-E0777EC5C199}.AppStore|iPhone.ActiveCfg = AppStore|iPhone
		{82C5B8B9-6F1D-4F8D-9520-E0777EC5C199}.AppStore|iPhone.Build.0 = AppStore|iPhone
		{82C5B8B9-6F1D-4F8D-9520-E0777EC5C199}.AppStore|iPhoneSimulator.ActiveCfg = AppStore|iPhoneSimulator
		{82C5B8B9-6F1D-4F8D-9520-E0777EC5C199}.AppStore|iPhoneSimulator.Build.0 = AppStore|iPhoneSimulator
		{82C5B8B9-6F1D-4F8D-9520-E0777EC5C199}.AppStore|x64.ActiveCfg = AppStore|iPhone
		{82C5B8B9-6F1D-4F8D-9520-E0777EC5C199}.AppStore|x86.ActiveCfg = AppStore|iPhone
		{82C5B8B9-6F1D-4F8D-9520-E0777EC5C199}.Debug|Any CPU.ActiveCfg = Debug|iPhone
		{82C5B8B9-6F1D-4F8D-9520-E0777EC5C199}.Debug|ARM.ActiveCfg = Debug|iPhone
		{82C5B8B9-6F1D-4F8D-9520-E0777EC5C199}.Debug|iPhone.ActiveCfg = Debug|iPhone
		{82C5B8B9-6F1D-4F8D-9520-E0777EC5C199}.Debug|iPhone.Build.0 = Debug|iPhone
		{82C5B8B9-6F1D-4F8D-9520-E0777EC5C199}.Debug|iPhoneSimulator.ActiveCfg = Debug|iPhoneSimulator
		{82C5B8B9-6F1D-4F8D-9520-E0777EC5C199}.Debug|iPhoneSimulator.Build.0 = Debug|iPhoneSimulator
		{82C5B8B9-6F1D-4F8D-9520-E0777EC5C199}.Debug|x64.ActiveCfg = Debug|iPhone
		{82C5B8B9-6F1D-4F8D-9520-E0777EC5C199}.Debug|x86.ActiveCfg = Debug|iPhone
		{82C5B8B9-6F1D-4F8D-9520-E0777EC5C199}.Release|Any CPU.ActiveCfg = Release|iPhone
		{82C5B8B9-6F1D-4F8D-9520-E0777EC5C199}.Release|ARM.ActiveCfg = Release|iPhone
		{82C5B8B9-6F1D-4F8D-9520-E0777EC5C199}.Release|iPhone.ActiveCfg = Release|iPhone
		{82C5B8B9-6F1D-4F8D-9520-E0777EC5C199}.Release|iPhone.Build.0 = Release|iPhone
		{82C5B8B9-6F1D-4F8D-9520-E0777EC5C199}.Release|iPhoneSimulator.ActiveCfg = Release|iPhoneSimulator
		{82C5B8B9-6F1D-4F8D-9520-E0777EC5C199}.Release|iPhoneSimulator.Build.0 = Release|iPhoneSimulator
		{82C5B8B9-6F1D-4F8D-9520-E0777EC5C199}.Release|x64.ActiveCfg = Release|iPhone
		{82C5B8B9-6F1D-4F8D-9520-E0777EC5C199}.Release|x86.ActiveCfg = Release|iPhone
		{A2A1BC9B-C113-4609-BF37-8092984B6D62}.Ad-Hoc|Any CPU.ActiveCfg = Release|Any CPU
		{A2A1BC9B-C113-4609-BF37-8092984B6D62}.Ad-Hoc|Any CPU.Build.0 = Release|Any CPU
		{A2A1BC9B-C113-4609-BF37-8092984B6D62}.Ad-Hoc|Any CPU.Deploy.0 = Release|Any CPU
		{A2A1BC9B-C113-4609-BF37-8092984B6D62}.Ad-Hoc|ARM.ActiveCfg = Release|ARM
		{A2A1BC9B-C113-4609-BF37-8092984B6D62}.Ad-Hoc|ARM.Build.0 = Release|ARM
		{A2A1BC9B-C113-4609-BF37-8092984B6D62}.Ad-Hoc|ARM.Deploy.0 = Release|ARM
		{A2A1BC9B-C113-4609-BF37-8092984B6D62}.Ad-Hoc|iPhone.ActiveCfg = Release|Any CPU
		{A2A1BC9B-C113-4609-BF37-8092984B6D62}.Ad-Hoc|iPhone.Build.0 = Release|Any CPU
		{A2A1BC9B-C113-4609-BF37-8092984B6D62}.Ad-Hoc|iPhone.Deploy.0 = Release|Any CPU
		{A2A1BC9B-C113-4609-BF37-8092984B6D62}.Ad-Hoc|iPhoneSimulator.ActiveCfg = Release|Any CPU
		{A2A1BC9B-C113-4609-BF37-8092984B6D62}.Ad-Hoc|iPhoneSimulator.Build.0 = Release|Any CPU
		{A2A1BC9B-C113-4609-BF37-8092984B6D62}.Ad-Hoc|iPhoneSimulator.Deploy.0 = Release|Any CPU
		{A2A1BC9B-C113-4609-BF37-8092984B6D62}.Ad-Hoc|x64.ActiveCfg = Release|Any CPU
		{A2A1BC9B-C113-4609-BF37-8092984B6D62}.Ad-Hoc|x64.Build.0 = Release|Any CPU
		{A2A1BC9B-C113-4609-BF37-8092984B6D62}.Ad-Hoc|x64.Deploy.0 = Release|Any CPU
		{A2A1BC9B-C113-4609-BF37-8092984B6D62}.Ad-Hoc|x86.ActiveCfg = Release|x86
		{A2A1BC9B-C113-4609-BF37-8092984B6D62}.Ad-Hoc|x86.Build.0 = Release|x86
		{A2A1BC9B-C113-4609-BF37-8092984B6D62}.Ad-Hoc|x86.Deploy.0 = Release|x86
		{A2A1BC9B-C113-4609-BF37-8092984B6D62}.AppStore|Any CPU.ActiveCfg = Release|Any CPU
		{A2A1BC9B-C113-4609-BF37-8092984B6D62}.AppStore|Any CPU.Build.0 = Release|Any CPU
		{A2A1BC9B-C113-4609-BF37-8092984B6D62}.AppStore|Any CPU.Deploy.0 = Release|Any CPU
		{A2A1BC9B-C113-4609-BF37-8092984B6D62}.AppStore|ARM.ActiveCfg = Release|ARM
		{A2A1BC9B-C113-4609-BF37-8092984B6D62}.AppStore|ARM.Build.0 = Release|ARM
		{A2A1BC9B-C113-4609-BF37-8092984B6D62}.AppStore|ARM.Deploy.0 = Release|ARM
		{A2A1BC9B-C113-4609-BF37-8092984B6D62}.AppStore|iPhone.ActiveCfg = Release|Any CPU
		{A2A1BC9B-C113-4609-BF37-8092984B6D62}.AppStore|iPhone.Build.0 = Release|Any CPU
		{A2A1BC9B-C113-4609-BF37-8092984B6D62}.AppStore|iPhone.Deploy.0 = Release|Any CPU
		{A2A1BC9B-C113-4609-BF37-8092984B6D62}.AppStore|iPhoneSimulator.ActiveCfg = Release|Any CPU
		{A2A1BC9B-C113-4609-BF37-8092984B6D62}.AppStore|iPhoneSimulator.Build.0 = Release|Any CPU
		{A2A1BC9B-C113-4609-BF37-8092984B6D62}.AppStore|iPhoneSimulator.Deploy.0 = Release|Any CPU
		{A2A1BC9B-C113-4609-BF37-8092984B6D62}.AppStore|x64.ActiveCfg = Release|Any CPU
		{A2A1BC9B-C113-4609-BF37-8092984B6D62}.AppStore|x64.Build.0 = Release|Any CPU
		{A2A1BC9B-C113-4609-BF37-8092984B6D62}.AppStore|x64.Deploy.0 = Release|Any CPU
		{A2A1BC9B-C113-4609-BF37-8092984B6D62}.AppStore|x86.ActiveCfg = Release|x86
		{A2A1BC9B-C113-4609-BF37-8092984B6D62}.AppStore|x86.Build.0 = Release|x86
		{A2A1BC9B-C113-4609-BF37-8092984B6D62}.AppStore|x86.Deploy.0 = Release|x86
		{A2A1BC9B-C113-4609-BF37-8092984B6D62}.Debug|Any CPU.ActiveCfg = Debug|Any CPU
		{A2A1BC9B-C113-4609-BF37-8092984B6D62}.Debug|Any CPU.Build.0 = Debug|Any CPU
		{A2A1BC9B-C113-4609-BF37-8092984B6D62}.Debug|Any CPU.Deploy.0 = Debug|Any CPU
		{A2A1BC9B-C113-4609-BF37-8092984B6D62}.Debug|ARM.ActiveCfg = Debug|ARM
		{A2A1BC9B-C113-4609-BF37-8092984B6D62}.Debug|ARM.Build.0 = Debug|ARM
		{A2A1BC9B-C113-4609-BF37-8092984B6D62}.Debug|ARM.Deploy.0 = Debug|ARM
		{A2A1BC9B-C113-4609-BF37-8092984B6D62}.Debug|iPhone.ActiveCfg = Debug|Any CPU
		{A2A1BC9B-C113-4609-BF37-8092984B6D62}.Debug|iPhone.Build.0 = Debug|Any CPU
		{A2A1BC9B-C113-4609-BF37-8092984B6D62}.Debug|iPhone.Deploy.0 = Debug|Any CPU
		{A2A1BC9B-C113-4609-BF37-8092984B6D62}.Debug|iPhoneSimulator.ActiveCfg = Debug|Any CPU
		{A2A1BC9B-C113-4609-BF37-8092984B6D62}.Debug|iPhoneSimulator.Build.0 = Debug|Any CPU
		{A2A1BC9B-C113-4609-BF37-8092984B6D62}.Debug|iPhoneSimulator.Deploy.0 = Debug|Any CPU
		{A2A1BC9B-C113-4609-BF37-8092984B6D62}.Debug|x64.ActiveCfg = Debug|Any CPU
		{A2A1BC9B-C113-4609-BF37-8092984B6D62}.Debug|x64.Build.0 = Debug|Any CPU
		{A2A1BC9B-C113-4609-BF37-8092984B6D62}.Debug|x64.Deploy.0 = Debug|Any CPU
		{A2A1BC9B-C113-4609-BF37-8092984B6D62}.Debug|x86.ActiveCfg = Debug|x86
		{A2A1BC9B-C113-4609-BF37-8092984B6D62}.Debug|x86.Build.0 = Debug|x86
		{A2A1BC9B-C113-4609-BF37-8092984B6D62}.Debug|x86.Deploy.0 = Debug|x86
		{A2A1BC9B-C113-4609-BF37-8092984B6D62}.Release|Any CPU.ActiveCfg = Release|Any CPU
		{A2A1BC9B-C113-4609-BF37-8092984B6D62}.Release|Any CPU.Build.0 = Release|Any CPU
		{A2A1BC9B-C113-4609-BF37-8092984B6D62}.Release|Any CPU.Deploy.0 = Release|Any CPU
		{A2A1BC9B-C113-4609-BF37-8092984B6D62}.Release|ARM.ActiveCfg = Release|ARM
		{A2A1BC9B-C113-4609-BF37-8092984B6D62}.Release|ARM.Build.0 = Release|ARM
		{A2A1BC9B-C113-4609-BF37-8092984B6D62}.Release|ARM.Deploy.0 = Release|ARM
		{A2A1BC9B-C113-4609-BF37-8092984B6D62}.Release|iPhone.ActiveCfg = Release|Any CPU
		{A2A1BC9B-C113-4609-BF37-8092984B6D62}.Release|iPhone.Build.0 = Release|Any CPU
		{A2A1BC9B-C113-4609-BF37-8092984B6D62}.Release|iPhone.Deploy.0 = Release|Any CPU
		{A2A1BC9B-C113-4609-BF37-8092984B6D62}.Release|iPhoneSimulator.ActiveCfg = Release|Any CPU
		{A2A1BC9B-C113-4609-BF37-8092984B6D62}.Release|iPhoneSimulator.Build.0 = Release|Any CPU
		{A2A1BC9B-C113-4609-BF37-8092984B6D62}.Release|iPhoneSimulator.Deploy.0 = Release|Any CPU
		{A2A1BC9B-C113-4609-BF37-8092984B6D62}.Release|x64.ActiveCfg = Release|Any CPU
		{A2A1BC9B-C113-4609-BF37-8092984B6D62}.Release|x64.Build.0 = Release|Any CPU
		{A2A1BC9B-C113-4609-BF37-8092984B6D62}.Release|x64.Deploy.0 = Release|Any CPU
		{A2A1BC9B-C113-4609-BF37-8092984B6D62}.Release|x86.ActiveCfg = Release|x86
		{A2A1BC9B-C113-4609-BF37-8092984B6D62}.Release|x86.Build.0 = Release|x86
		{A2A1BC9B-C113-4609-BF37-8092984B6D62}.Release|x86.Deploy.0 = Release|x86
		{1E33CF53-8D2F-467D-B90E-BFA1A91553AE}.Ad-Hoc|Any CPU.ActiveCfg = Release|Any CPU
		{1E33CF53-8D2F-467D-B90E-BFA1A91553AE}.Ad-Hoc|Any CPU.Build.0 = Release|Any CPU
		{1E33CF53-8D2F-467D-B90E-BFA1A91553AE}.Ad-Hoc|Any CPU.Deploy.0 = Release|Any CPU
		{1E33CF53-8D2F-467D-B90E-BFA1A91553AE}.Ad-Hoc|ARM.ActiveCfg = Release|ARM
		{1E33CF53-8D2F-467D-B90E-BFA1A91553AE}.Ad-Hoc|ARM.Build.0 = Release|ARM
		{1E33CF53-8D2F-467D-B90E-BFA1A91553AE}.Ad-Hoc|ARM.Deploy.0 = Release|ARM
		{1E33CF53-8D2F-467D-B90E-BFA1A91553AE}.Ad-Hoc|iPhone.ActiveCfg = Release|Any CPU
		{1E33CF53-8D2F-467D-B90E-BFA1A91553AE}.Ad-Hoc|iPhone.Build.0 = Release|Any CPU
		{1E33CF53-8D2F-467D-B90E-BFA1A91553AE}.Ad-Hoc|iPhone.Deploy.0 = Release|Any CPU
		{1E33CF53-8D2F-467D-B90E-BFA1A91553AE}.Ad-Hoc|iPhoneSimulator.ActiveCfg = Release|Any CPU
		{1E33CF53-8D2F-467D-B90E-BFA1A91553AE}.Ad-Hoc|iPhoneSimulator.Build.0 = Release|Any CPU
		{1E33CF53-8D2F-467D-B90E-BFA1A91553AE}.Ad-Hoc|iPhoneSimulator.Deploy.0 = Release|Any CPU
		{1E33CF53-8D2F-467D-B90E-BFA1A91553AE}.Ad-Hoc|x64.ActiveCfg = Release|x64
		{1E33CF53-8D2F-467D-B90E-BFA1A91553AE}.Ad-Hoc|x64.Build.0 = Release|x64
		{1E33CF53-8D2F-467D-B90E-BFA1A91553AE}.Ad-Hoc|x64.Deploy.0 = Release|x64
		{1E33CF53-8D2F-467D-B90E-BFA1A91553AE}.Ad-Hoc|x86.ActiveCfg = Release|x86
		{1E33CF53-8D2F-467D-B90E-BFA1A91553AE}.Ad-Hoc|x86.Build.0 = Release|x86
		{1E33CF53-8D2F-467D-B90E-BFA1A91553AE}.Ad-Hoc|x86.Deploy.0 = Release|x86
		{1E33CF53-8D2F-467D-B90E-BFA1A91553AE}.AppStore|Any CPU.ActiveCfg = Release|Any CPU
		{1E33CF53-8D2F-467D-B90E-BFA1A91553AE}.AppStore|Any CPU.Build.0 = Release|Any CPU
		{1E33CF53-8D2F-467D-B90E-BFA1A91553AE}.AppStore|Any CPU.Deploy.0 = Release|Any CPU
		{1E33CF53-8D2F-467D-B90E-BFA1A91553AE}.AppStore|ARM.ActiveCfg = Release|ARM
		{1E33CF53-8D2F-467D-B90E-BFA1A91553AE}.AppStore|ARM.Build.0 = Release|ARM
		{1E33CF53-8D2F-467D-B90E-BFA1A91553AE}.AppStore|ARM.Deploy.0 = Release|ARM
		{1E33CF53-8D2F-467D-B90E-BFA1A91553AE}.AppStore|iPhone.ActiveCfg = Release|Any CPU
		{1E33CF53-8D2F-467D-B90E-BFA1A91553AE}.AppStore|iPhone.Build.0 = Release|Any CPU
		{1E33CF53-8D2F-467D-B90E-BFA1A91553AE}.AppStore|iPhone.Deploy.0 = Release|Any CPU
		{1E33CF53-8D2F-467D-B90E-BFA1A91553AE}.AppStore|iPhoneSimulator.ActiveCfg = Release|Any CPU
		{1E33CF53-8D2F-467D-B90E-BFA1A91553AE}.AppStore|iPhoneSimulator.Build.0 = Release|Any CPU
		{1E33CF53-8D2F-467D-B90E-BFA1A91553AE}.AppStore|iPhoneSimulator.Deploy.0 = Release|Any CPU
		{1E33CF53-8D2F-467D-B90E-BFA1A91553AE}.AppStore|x64.ActiveCfg = Release|x64
		{1E33CF53-8D2F-467D-B90E-BFA1A91553AE}.AppStore|x64.Build.0 = Release|x64
		{1E33CF53-8D2F-467D-B90E-BFA1A91553AE}.AppStore|x64.Deploy.0 = Release|x64
		{1E33CF53-8D2F-467D-B90E-BFA1A91553AE}.AppStore|x86.ActiveCfg = Release|x86
		{1E33CF53-8D2F-467D-B90E-BFA1A91553AE}.AppStore|x86.Build.0 = Release|x86
		{1E33CF53-8D2F-467D-B90E-BFA1A91553AE}.AppStore|x86.Deploy.0 = Release|x86
		{1E33CF53-8D2F-467D-B90E-BFA1A91553AE}.Debug|Any CPU.ActiveCfg = Debug|Any CPU
		{1E33CF53-8D2F-467D-B90E-BFA1A91553AE}.Debug|Any CPU.Build.0 = Debug|Any CPU
		{1E33CF53-8D2F-467D-B90E-BFA1A91553AE}.Debug|Any CPU.Deploy.0 = Debug|Any CPU
		{1E33CF53-8D2F-467D-B90E-BFA1A91553AE}.Debug|ARM.ActiveCfg = Debug|ARM
		{1E33CF53-8D2F-467D-B90E-BFA1A91553AE}.Debug|ARM.Build.0 = Debug|ARM
		{1E33CF53-8D2F-467D-B90E-BFA1A91553AE}.Debug|ARM.Deploy.0 = Debug|ARM
		{1E33CF53-8D2F-467D-B90E-BFA1A91553AE}.Debug|iPhone.ActiveCfg = Debug|Any CPU
		{1E33CF53-8D2F-467D-B90E-BFA1A91553AE}.Debug|iPhone.Build.0 = Debug|Any CPU
		{1E33CF53-8D2F-467D-B90E-BFA1A91553AE}.Debug|iPhone.Deploy.0 = Debug|Any CPU
		{1E33CF53-8D2F-467D-B90E-BFA1A91553AE}.Debug|iPhoneSimulator.ActiveCfg = Debug|Any CPU
		{1E33CF53-8D2F-467D-B90E-BFA1A91553AE}.Debug|iPhoneSimulator.Build.0 = Debug|Any CPU
		{1E33CF53-8D2F-467D-B90E-BFA1A91553AE}.Debug|iPhoneSimulator.Deploy.0 = Debug|Any CPU
		{1E33CF53-8D2F-467D-B90E-BFA1A91553AE}.Debug|x64.ActiveCfg = Debug|x64
		{1E33CF53-8D2F-467D-B90E-BFA1A91553AE}.Debug|x64.Build.0 = Debug|x64
		{1E33CF53-8D2F-467D-B90E-BFA1A91553AE}.Debug|x64.Deploy.0 = Debug|x64
		{1E33CF53-8D2F-467D-B90E-BFA1A91553AE}.Debug|x86.ActiveCfg = Debug|x86
		{1E33CF53-8D2F-467D-B90E-BFA1A91553AE}.Debug|x86.Build.0 = Debug|x86
		{1E33CF53-8D2F-467D-B90E-BFA1A91553AE}.Debug|x86.Deploy.0 = Debug|x86
		{1E33CF53-8D2F-467D-B90E-BFA1A91553AE}.Release|Any CPU.ActiveCfg = Release|Any CPU
		{1E33CF53-8D2F-467D-B90E-BFA1A91553AE}.Release|Any CPU.Build.0 = Release|Any CPU
		{1E33CF53-8D2F-467D-B90E-BFA1A91553AE}.Release|Any CPU.Deploy.0 = Release|Any CPU
		{1E33CF53-8D2F-467D-B90E-BFA1A91553AE}.Release|ARM.ActiveCfg = Release|ARM
		{1E33CF53-8D2F-467D-B90E-BFA1A91553AE}.Release|ARM.Build.0 = Release|ARM
		{1E33CF53-8D2F-467D-B90E-BFA1A91553AE}.Release|ARM.Deploy.0 = Release|ARM
		{1E33CF53-8D2F-467D-B90E-BFA1A91553AE}.Release|iPhone.ActiveCfg = Release|Any CPU
		{1E33CF53-8D2F-467D-B90E-BFA1A91553AE}.Release|iPhone.Build.0 = Release|Any CPU
		{1E33CF53-8D2F-467D-B90E-BFA1A91553AE}.Release|iPhone.Deploy.0 = Release|Any CPU
		{1E33CF53-8D2F-467D-B90E-BFA1A91553AE}.Release|iPhoneSimulator.ActiveCfg = Release|Any CPU
		{1E33CF53-8D2F-467D-B90E-BFA1A91553AE}.Release|iPhoneSimulator.Build.0 = Release|Any CPU
		{1E33CF53-8D2F-467D-B90E-BFA1A91553AE}.Release|iPhoneSimulator.Deploy.0 = Release|Any CPU
		{1E33CF53-8D2F-467D-B90E-BFA1A91553AE}.Release|x64.ActiveCfg = Release|x64
		{1E33CF53-8D2F-467D-B90E-BFA1A91553AE}.Release|x64.Build.0 = Release|x64
		{1E33CF53-8D2F-467D-B90E-BFA1A91553AE}.Release|x64.Deploy.0 = Release|x64
		{1E33CF53-8D2F-467D-B90E-BFA1A91553AE}.Release|x86.ActiveCfg = Release|x86
		{1E33CF53-8D2F-467D-B90E-BFA1A91553AE}.Release|x86.Build.0 = Release|x86
		{1E33CF53-8D2F-467D-B90E-BFA1A91553AE}.Release|x86.Deploy.0 = Release|x86
	EndGlobalSection
	GlobalSection(SolutionProperties) = preSolution
		HideSolutionNode = FALSE
	EndGlobalSection
EndGlobal
